
Microsoft Visual Studio Solution File, Format Version 12.00
# Visual Studio Version 16
VisualStudioVersion = 16.0.30225.117
MinimumVisualStudioVersion = 10.0.40219.1
Project("{8BC9CEB8-8B4A-11D0-8D11-00A0C91BC942}") = "Gchat", "ConsoleApplication1.vcxproj", "{840DBFD6-ED3A-47A2-8A67-F400DCBA936B}"
EndProject
Global
	GlobalSection(SolutionConfigurationPlatforms) = preSolution
		Centos7|ARM = Centos7|ARM
		Centos7|ARM64 = Centos7|ARM64
		Centos7|x64 = Centos7|x64
		Centos7|x86 = Centos7|x86
		Debug|ARM = Debug|ARM
		Debug|ARM64 = Debug|ARM64
		Debug|x64 = Debug|x64
		Debug|x86 = Debug|x86
		Release|ARM = Release|ARM
		Release|ARM64 = Release|ARM64
		Release|x64 = Release|x64
		Release|x86 = Release|x86
	EndGlobalSection
	GlobalSection(ProjectConfigurationPlatforms) = postSolution
		{840DBFD6-ED3A-47A2-8A67-F400DCBA936B}.Centos7|ARM.ActiveCfg = Centos7|ARM
		{840DBFD6-ED3A-47A2-8A67-F400DCBA936B}.Centos7|ARM.Build.0 = Centos7|ARM
		{840DBFD6-ED3A-47A2-8A67-F400DCBA936B}.Centos7|ARM.Deploy.0 = Centos7|ARM
		{840DBFD6-ED3A-47A2-8A67-F400DCBA936B}.Centos7|ARM64.ActiveCfg = Centos7|ARM64
		{840DBFD6-ED3A-47A2-8A67-F400DCBA936B}.Centos7|ARM64.Build.0 = Centos7|ARM64
		{840DBFD6-ED3A-47A2-8A67-F400DCBA936B}.Centos7|ARM64.Deploy.0 = Centos7|ARM64
		{840DBFD6-ED3A-47A2-8A67-F400DCBA936B}.Centos7|x64.ActiveCfg = Centos7|x64
		{840DBFD6-ED3A-47A2-8A67-F400DCBA936B}.Centos7|x64.Build.0 = Centos7|x64
		{840DBFD6-ED3A-47A2-8A67-F400DCBA936B}.Centos7|x64.Deploy.0 = Centos7|x64
		{840DBFD6-ED3A-47A2-8A67-F400DCBA936B}.Centos7|x86.ActiveCfg = Centos7|x86
		{840DBFD6-ED3A-47A2-8A67-F400DCBA936B}.Centos7|x86.Build.0 = Centos7|x86
		{840DBFD6-ED3A-47A2-8A67-F400DCBA936B}.Centos7|x86.Deploy.0 = Centos7|x86
		{840DBFD6-ED3A-47A2-8A67-F400DCBA936B}.Debug|ARM.ActiveCfg = Debug|ARM
		{840DBFD6-ED3A-47A2-8A67-F400DCBA936B}.Debug|ARM.Build.0 = Debug|ARM
		{840DBFD6-ED3A-47A2-8A67-F400DCBA936B}.Debug|ARM.Deploy.0 = Debug|ARM
		{840DBFD6-ED3A-47A2-8A67-F400DCBA936B}.Debug|ARM64.ActiveCfg = Debug|ARM64
		{840DBFD6-ED3A-47A2-8A67-F400DCBA936B}.Debug|ARM64.Build.0 = Debug|ARM64
		{840DBFD6-ED3A-47A2-8A67-F400DCBA936B}.Debug|ARM64.Deploy.0 = Debug|ARM64
		{840DBFD6-ED3A-47A2-8A67-F400DCBA936B}.Debug|x64.ActiveCfg = Debug|x64
		{840DBFD6-ED3A-47A2-8A67-F400DCBA936B}.Debug|x64.Build.0 = Debug|x64
		{840DBFD6-ED3A-47A2-8A67-F400DCBA936B}.Debug|x64.Deploy.0 = Debug|x64
		{840DBFD6-ED3A-47A2-8A67-F400DCBA936B}.Debug|x86.ActiveCfg = Debug|x86
		{840DBFD6-ED3A-47A2-8A67-F400DCBA936B}.Debug|x86.Build.0 = Debug|x86
		{840DBFD6-ED3A-47A2-8A67-F400DCBA936B}.Debug|x86.Deploy.0 = Debug|x86
		{840DBFD6-ED3A-47A2-8A67-F400DCBA936B}.Release|ARM.ActiveCfg = Release|ARM
		{840DBFD6-ED3A-47A2-8A67-F400DCBA936B}.Release|ARM.Build.0 = Release|ARM
		{840DBFD6-ED3A-47A2-8A67-F400DCBA936B}.Release|ARM.Deploy.0 = Release|ARM
		{840DBFD6-ED3A-47A2-8A67-F400DCBA936B}.Release|ARM64.ActiveCfg = Release|ARM64
		{840DBFD6-ED3A-47A2-8A67-F400DCBA936B}.Release|ARM64.Build.0 = Release|ARM64
		{840DBFD6-ED3A-47A2-8A67-F400DCBA936B}.Release|ARM64.Deploy.0 = Release|ARM64
		{840DBFD6-ED3A-47A2-8A67-F400DCBA936B}.Release|x64.ActiveCfg = Release|x64
		{840DBFD6-ED3A-47A2-8A67-F400DCBA936B}.Release|x64.Build.0 = Release|x64
		{840DBFD6-ED3A-47A2-8A67-F400DCBA936B}.Release|x64.Deploy.0 = Release|x64
		{840DBFD6-ED3A-47A2-8A67-F400DCBA936B}.Release|x86.ActiveCfg = Release|x86
		{840DBFD6-ED3A-47A2-8A67-F400DCBA936B}.Release|x86.Build.0 = Release|x86
		{840DBFD6-ED3A-47A2-8A67-F400DCBA936B}.Release|x86.Deploy.0 = Release|x86
	EndGlobalSection
	GlobalSection(SolutionProperties) = preSolution
		HideSolutionNode = FALSE
	EndGlobalSection
	GlobalSection(ExtensibilityGlobals) = postSolution
		SolutionGuid = {617B8172-A906-4523-B82E-AA3E75E0E5E8}
	EndGlobalSection
EndGlobal
